
Microsoft Visual Studio Solution File, Format Version 12.00
# Visual Studio 2012
Project("{FAE04EC0-301F-11D3-BF4B-00C04F79EFBC}") = "TheBoyKnowsClass.Common", "TheBoyKnowsClass.Common\TheBoyKnowsClass.Common.csproj", "{DB5CA9D7-EF84-41E2-8C5F-57555F7D9F3D}"
EndProject
Project("{FAE04EC0-301F-11D3-BF4B-00C04F79EFBC}") = "TheBoyKnowsClass.Common.Desktop", "TheBoyKnowsClass.Common.Desktop\TheBoyKnowsClass.Common.Desktop.csproj", "{E34D840D-75C2-4043-9AE4-D01D9D1B6DF6}"
EndProject
Project("{FAE04EC0-301F-11D3-BF4B-00C04F79EFBC}") = "TheBoyKnowsClass.Common.UI", "TheBoyKnowsClass.Common.UI\TheBoyKnowsClass.Common.UI.csproj", "{07065C47-3C25-4CEF-B247-60847D0DC45B}"
EndProject
Project("{FAE04EC0-301F-11D3-BF4B-00C04F79EFBC}") = "TheBoyKnowsClass.Common.UI.WinForms", "TheBoyKnowsClass.Common.UI.WinForms\TheBoyKnowsClass.Common.UI.WinForms.csproj", "{C20A8205-BC63-4940-9E30-FF458EFCDD94}"
EndProject
Project("{FAE04EC0-301F-11D3-BF4B-00C04F79EFBC}") = "TheBoyKnowsClass.Common.UI.WPF", "TheBoyKnowsClass.Common.UI.WPF\TheBoyKnowsClass.Common.UI.WPF.csproj", "{815BB997-2731-4794-BA25-E7E1B1E7A88A}"
EndProject
Project("{FAE04EC0-301F-11D3-BF4B-00C04F79EFBC}") = "TheBoyKnowsClass.Common.UI.WPF.Modern", "TheBoyKnowsClass.Common.UI.WPF.Modern\TheBoyKnowsClass.Common.UI.WPF.Modern.csproj", "{FAB4358A-93DD-417A-85F3-87E20CAF00B9}"
EndProject
Project("{FAE04EC0-301F-11D3-BF4B-00C04F79EFBC}") = "TheBoyKnowsClass.Schedules.Common", "TheBoyKnowsClass.Schedules.Common\TheBoyKnowsClass.Schedules.Common.csproj", "{8ACCF738-32D0-40E4-92ED-E2E9FA1C253F}"
EndProject
Project("{FAE04EC0-301F-11D3-BF4B-00C04F79EFBC}") = "TheBoyKnowsClass.Schedules.Common.UI", "TheBoyKnowsClass.Schedules.Common.UI\TheBoyKnowsClass.Schedules.Common.UI.csproj", "{D7F25BF0-C85F-495B-B487-5DC7871ACDAE}"
EndProject
Project("{FAE04EC0-301F-11D3-BF4B-00C04F79EFBC}") = "TheBoyKnowsClass.SystemServices.Common", "TheBoyKnowsClass.SystemServices.Common\TheBoyKnowsClass.SystemServices.Common.csproj", "{37D991AD-B71E-4B93-996D-BF0E618C0E64}"
EndProject
Project("{FAE04EC0-301F-11D3-BF4B-00C04F79EFBC}") = "TheBoyKnowsClass.SystemServices.Common.UI", "TheBoyKnowsClass.SystemServices.Common.UI\TheBoyKnowsClass.SystemServices.Common.UI.csproj", "{94ACBF4E-CAE7-4C6A-BDA2-435AB7DAD8F9}"
EndProject
Project("{FAE04EC0-301F-11D3-BF4B-00C04F79EFBC}") = "TheBoyKnowsClass.Tasks.Common", "TheBoyKnowsClass.Tasks.Common\TheBoyKnowsClass.Tasks.Common.csproj", "{9A7F59B4-0C45-4EBA-9E02-10E275F883CC}"
EndProject
Project("{FAE04EC0-301F-11D3-BF4B-00C04F79EFBC}") = "TheBoyKnowsClass.FolderWatchers.Common", "TheBoyKnowsClass.FolderWatchers.Common\TheBoyKnowsClass.FolderWatchers.Common.csproj", "{49864F5E-F708-42CC-804A-30FB19E42AB3}"
EndProject
Global
	GlobalSection(SolutionConfigurationPlatforms) = preSolution
		Debug|Any CPU = Debug|Any CPU
		Release|Any CPU = Release|Any CPU
	EndGlobalSection
	GlobalSection(ProjectConfigurationPlatforms) = postSolution
		{DB5CA9D7-EF84-41E2-8C5F-57555F7D9F3D}.Debug|Any CPU.ActiveCfg = Debug|Any CPU
		{DB5CA9D7-EF84-41E2-8C5F-57555F7D9F3D}.Debug|Any CPU.Build.0 = Debug|Any CPU
		{DB5CA9D7-EF84-41E2-8C5F-57555F7D9F3D}.Release|Any CPU.ActiveCfg = Release|Any CPU
		{DB5CA9D7-EF84-41E2-8C5F-57555F7D9F3D}.Release|Any CPU.Build.0 = Release|Any CPU
		{E34D840D-75C2-4043-9AE4-D01D9D1B6DF6}.Debug|Any CPU.ActiveCfg = Debug|Any CPU
		{E34D840D-75C2-4043-9AE4-D01D9D1B6DF6}.Debug|Any CPU.Build.0 = Debug|Any CPU
		{E34D840D-75C2-4043-9AE4-D01D9D1B6DF6}.Release|Any CPU.ActiveCfg = Release|Any CPU
		{E34D840D-75C2-4043-9AE4-D01D9D1B6DF6}.Release|Any CPU.Build.0 = Release|Any CPU
		{07065C47-3C25-4CEF-B247-60847D0DC45B}.Debug|Any CPU.ActiveCfg = Debug|Any CPU
		{07065C47-3C25-4CEF-B247-60847D0DC45B}.Debug|Any CPU.Build.0 = Debug|Any CPU
		{07065C47-3C25-4CEF-B247-60847D0DC45B}.Release|Any CPU.ActiveCfg = Release|Any CPU
		{07065C47-3C25-4CEF-B247-60847D0DC45B}.Release|Any CPU.Build.0 = Release|Any CPU
		{C20A8205-BC63-4940-9E30-FF458EFCDD94}.Debug|Any CPU.ActiveCfg = Debug|Any CPU
		{C20A8205-BC63-4940-9E30-FF458EFCDD94}.Debug|Any CPU.Build.0 = Debug|Any CPU
		{C20A8205-BC63-4940-9E30-FF458EFCDD94}.Release|Any CPU.ActiveCfg = Release|Any CPU
		{C20A8205-BC63-4940-9E30-FF458EFCDD94}.Release|Any CPU.Build.0 = Release|Any CPU
		{815BB997-2731-4794-BA25-E7E1B1E7A88A}.Debug|Any CPU.ActiveCfg = Debug|Any CPU
		{815BB997-2731-4794-BA25-E7E1B1E7A88A}.Debug|Any CPU.Build.0 = Debug|Any CPU
		{815BB997-2731-4794-BA25-E7E1B1E7A88A}.Release|Any CPU.ActiveCfg = Release|Any CPU
		{815BB997-2731-4794-BA25-E7E1B1E7A88A}.Release|Any CPU.Build.0 = Release|Any CPU
		{FAB4358A-93DD-417A-85F3-87E20CAF00B9}.Debug|Any CPU.ActiveCfg = Debug|Any CPU
		{FAB4358A-93DD-417A-85F3-87E20CAF00B9}.Debug|Any CPU.Build.0 = Debug|Any CPU
		{FAB4358A-93DD-417A-85F3-87E20CAF00B9}.Release|Any CPU.ActiveCfg = Release|Any CPU
		{FAB4358A-93DD-417A-85F3-87E20CAF00B9}.Release|Any CPU.Build.0 = Release|Any CPU
		{8ACCF738-32D0-40E4-92ED-E2E9FA1C253F}.Debug|Any CPU.ActiveCfg = Debug|Any CPU
		{8ACCF738-32D0-40E4-92ED-E2E9FA1C253F}.Debug|Any CPU.Build.0 = Debug|Any CPU
		{8ACCF738-32D0-40E4-92ED-E2E9FA1C253F}.Release|Any CPU.ActiveCfg = Release|Any CPU
		{8ACCF738-32D0-40E4-92ED-E2E9FA1C253F}.Release|Any CPU.Build.0 = Release|Any CPU
		{D7F25BF0-C85F-495B-B487-5DC7871ACDAE}.Debug|Any CPU.ActiveCfg = Debug|Any CPU
		{D7F25BF0-C85F-495B-B487-5DC7871ACDAE}.Debug|Any CPU.Build.0 = Debug|Any CPU
		{D7F25BF0-C85F-495B-B487-5DC7871ACDAE}.Release|Any CPU.ActiveCfg = Release|Any CPU
		{D7F25BF0-C85F-495B-B487-5DC7871ACDAE}.Release|Any CPU.Build.0 = Release|Any CPU
		{37D991AD-B71E-4B93-996D-BF0E618C0E64}.Debug|Any CPU.ActiveCfg = Debug|Any CPU
		{37D991AD-B71E-4B93-996D-BF0E618C0E64}.Debug|Any CPU.Build.0 = Debug|Any CPU
		{37D991AD-B71E-4B93-996D-BF0E618C0E64}.Release|Any CPU.ActiveCfg = Release|Any CPU
		{37D991AD-B71E-4B93-996D-BF0E618C0E64}.Release|Any CPU.Build.0 = Release|Any CPU
		{94ACBF4E-CAE7-4C6A-BDA2-435AB7DAD8F9}.Debug|Any CPU.ActiveCfg = Debug|Any CPU
		{94ACBF4E-CAE7-4C6A-BDA2-435AB7DAD8F9}.Debug|Any CPU.Build.0 = Debug|Any CPU
		{94ACBF4E-CAE7-4C6A-BDA2-435AB7DAD8F9}.Release|Any CPU.ActiveCfg = Release|Any CPU
		{94ACBF4E-CAE7-4C6A-BDA2-435AB7DAD8F9}.Release|Any CPU.Build.0 = Release|Any CPU
		{9A7F59B4-0C45-4EBA-9E02-10E275F883CC}.Debug|Any CPU.ActiveCfg = Debug|Any CPU
		{9A7F59B4-0C45-4EBA-9E02-10E275F883CC}.Debug|Any CPU.Build.0 = Debug|Any CPU
		{9A7F59B4-0C45-4EBA-9E02-10E275F883CC}.Release|Any CPU.ActiveCfg = Release|Any CPU
		{9A7F59B4-0C45-4EBA-9E02-10E275F883CC}.Release|Any CPU.Build.0 = Release|Any CPU
		{49864F5E-F708-42CC-804A-30FB19E42AB3}.Debug|Any CPU.ActiveCfg = Debug|Any CPU
		{49864F5E-F708-42CC-804A-30FB19E42AB3}.Debug|Any CPU.Build.0 = Debug|Any CPU
		{49864F5E-F708-42CC-804A-30FB19E42AB3}.Release|Any CPU.ActiveCfg = Release|Any CPU
		{49864F5E-F708-42CC-804A-30FB19E42AB3}.Release|Any CPU.Build.0 = Release|Any CPU
	EndGlobalSection
	GlobalSection(SolutionProperties) = preSolution
		HideSolutionNode = FALSE
	EndGlobalSection
EndGlobal
